
Microsoft Visual Studio Solution File, Format Version 12.00
# Visual Studio 15
VisualStudioVersion = 15.0.27428.2037
MinimumVisualStudioVersion = 10.0.40219.1
Project("{FAE04EC0-301F-11D3-BF4B-00C04F79EFBC}") = "RockPaperScissors", "RockPaperScissors.csproj", "{60570296-C86A-4F95-AB6A-EB9B3F324A4F}"
EndProject
Project("{FAE04EC0-301F-11D3-BF4B-00C04F79EFBC}") = "LomontRandom", "LomontRandom\LomontRandom.csproj", "{A545B792-E1F3-4992-BB55-A2C65409514E}"
EndProject
Project("{FAE04EC0-301F-11D3-BF4B-00C04F79EFBC}") = "LomontConstant", "LomontConstant\LomontConstant.csproj", "{1F2123D2-450A-4CCB-88FB-3B9A7CFC5D08}"
EndProject
Project("{FAE04EC0-301F-11D3-BF4B-00C04F79EFBC}") = "BaseLib", "BaseLib\BaseLib.csproj", "{43DD5C86-E781-4D8B-BBE9-D4CE93BC5A31}"
EndProject
Project("{FAE04EC0-301F-11D3-BF4B-00C04F79EFBC}") = "LomontCycler", "LomontCycler\LomontCycler.csproj", "{5471DE6A-6319-4171-A6E7-FB62C79EF681}"
EndProject
Project("{FAE04EC0-301F-11D3-BF4B-00C04F79EFBC}") = "LomontEcho", "LomontEcho\LomontEcho.csproj", "{4C4DF790-4829-4DBA-B163-C8352F814C8B}"
EndProject
Project("{FAE04EC0-301F-11D3-BF4B-00C04F79EFBC}") = "LomontBeatlast", "LomontBeatlast\LomontBeatlast.csproj", "{1C627D7D-9707-42BC-A9AD-DA5254ED812D}"
EndProject
Project("{FAE04EC0-301F-11D3-BF4B-00C04F79EFBC}") = "WPFRockPaperScissors", "WPFRockPaperScissors\WPFRockPaperScissors.csproj", "{D167883A-FE62-4F3A-99B6-DABB753A9273}"
	ProjectSection(ProjectDependencies) = postProject
		{189AF846-CD20-46BD-A4C9-7DCB3D0FB2DE} = {189AF846-CD20-46BD-A4C9-7DCB3D0FB2DE}
		{5471DE6A-6319-4171-A6E7-FB62C79EF681} = {5471DE6A-6319-4171-A6E7-FB62C79EF681}
		{1C627D7D-9707-42BC-A9AD-DA5254ED812D} = {1C627D7D-9707-42BC-A9AD-DA5254ED812D}
		{4C4DF790-4829-4DBA-B163-C8352F814C8B} = {4C4DF790-4829-4DBA-B163-C8352F814C8B}
		{A545B792-E1F3-4992-BB55-A2C65409514E} = {A545B792-E1F3-4992-BB55-A2C65409514E}
		{60570296-C86A-4F95-AB6A-EB9B3F324A4F} = {60570296-C86A-4F95-AB6A-EB9B3F324A4F}
		{1F2123D2-450A-4CCB-88FB-3B9A7CFC5D08} = {1F2123D2-450A-4CCB-88FB-3B9A7CFC5D08}
	EndProjectSection
EndProject
Project("{F2A71F9B-5D33-465A-A702-920D77279786}") = "SpanishInquisition", "SpanishInquisition\SpanishInquisition.fsproj", "{189AF846-CD20-46BD-A4C9-7DCB3D0FB2DE}"
EndProject
Global
	GlobalSection(SolutionConfigurationPlatforms) = preSolution
		Debug|Any CPU = Debug|Any CPU
		Release|Any CPU = Release|Any CPU
	EndGlobalSection
	GlobalSection(ProjectConfigurationPlatforms) = postSolution
		{60570296-C86A-4F95-AB6A-EB9B3F324A4F}.Debug|Any CPU.ActiveCfg = Debug|Any CPU
		{60570296-C86A-4F95-AB6A-EB9B3F324A4F}.Debug|Any CPU.Build.0 = Debug|Any CPU
		{60570296-C86A-4F95-AB6A-EB9B3F324A4F}.Release|Any CPU.ActiveCfg = Debug|Any CPU
		{60570296-C86A-4F95-AB6A-EB9B3F324A4F}.Release|Any CPU.Build.0 = Debug|Any CPU
		{A545B792-E1F3-4992-BB55-A2C65409514E}.Debug|Any CPU.ActiveCfg = Debug|Any CPU
		{A545B792-E1F3-4992-BB55-A2C65409514E}.Debug|Any CPU.Build.0 = Debug|Any CPU
		{A545B792-E1F3-4992-BB55-A2C65409514E}.Release|Any CPU.ActiveCfg = Debug|Any CPU
		{A545B792-E1F3-4992-BB55-A2C65409514E}.Release|Any CPU.Build.0 = Debug|Any CPU
		{1F2123D2-450A-4CCB-88FB-3B9A7CFC5D08}.Debug|Any CPU.ActiveCfg = Debug|Any CPU
		{1F2123D2-450A-4CCB-88FB-3B9A7CFC5D08}.Debug|Any CPU.Build.0 = Debug|Any CPU
		{1F2123D2-450A-4CCB-88FB-3B9A7CFC5D08}.Release|Any CPU.ActiveCfg = Debug|Any CPU
		{1F2123D2-450A-4CCB-88FB-3B9A7CFC5D08}.Release|Any CPU.Build.0 = Debug|Any CPU
		{43DD5C86-E781-4D8B-BBE9-D4CE93BC5A31}.Debug|Any CPU.ActiveCfg = Debug|Any CPU
		{43DD5C86-E781-4D8B-BBE9-D4CE93BC5A31}.Debug|Any CPU.Build.0 = Debug|Any CPU
		{43DD5C86-E781-4D8B-BBE9-D4CE93BC5A31}.Release|Any CPU.ActiveCfg = Debug|Any CPU
		{43DD5C86-E781-4D8B-BBE9-D4CE93BC5A31}.Release|Any CPU.Build.0 = Debug|Any CPU
		{5471DE6A-6319-4171-A6E7-FB62C79EF681}.Debug|Any CPU.ActiveCfg = Debug|Any CPU
		{5471DE6A-6319-4171-A6E7-FB62C79EF681}.Debug|Any CPU.Build.0 = Debug|Any CPU
		{5471DE6A-6319-4171-A6E7-FB62C79EF681}.Release|Any CPU.ActiveCfg = Debug|Any CPU
		{5471DE6A-6319-4171-A6E7-FB62C79EF681}.Release|Any CPU.Build.0 = Debug|Any CPU
		{4C4DF790-4829-4DBA-B163-C8352F814C8B}.Debug|Any CPU.ActiveCfg = Debug|Any CPU
		{4C4DF790-4829-4DBA-B163-C8352F814C8B}.Debug|Any CPU.Build.0 = Debug|Any CPU
		{4C4DF790-4829-4DBA-B163-C8352F814C8B}.Release|Any CPU.ActiveCfg = Debug|Any CPU
		{4C4DF790-4829-4DBA-B163-C8352F814C8B}.Release|Any CPU.Build.0 = Debug|Any CPU
		{1C627D7D-9707-42BC-A9AD-DA5254ED812D}.Debug|Any CPU.ActiveCfg = Debug|Any CPU
		{1C627D7D-9707-42BC-A9AD-DA5254ED812D}.Debug|Any CPU.Build.0 = Debug|Any CPU
		{1C627D7D-9707-42BC-A9AD-DA5254ED812D}.Release|Any CPU.ActiveCfg = Debug|Any CPU
		{1C627D7D-9707-42BC-A9AD-DA5254ED812D}.Release|Any CPU.Build.0 = Debug|Any CPU
		{D167883A-FE62-4F3A-99B6-DABB753A9273}.Debug|Any CPU.ActiveCfg = Debug|Any CPU
		{D167883A-FE62-4F3A-99B6-DABB753A9273}.Debug|Any CPU.Build.0 = Debug|Any CPU
		{D167883A-FE62-4F3A-99B6-DABB753A9273}.Release|Any CPU.ActiveCfg = Debug|Any CPU
		{D167883A-FE62-4F3A-99B6-DABB753A9273}.Release|Any CPU.Build.0 = Debug|Any CPU
		{189AF846-CD20-46BD-A4C9-7DCB3D0FB2DE}.Debug|Any CPU.ActiveCfg = Debug|Any CPU
		{189AF846-CD20-46BD-A4C9-7DCB3D0FB2DE}.Debug|Any CPU.Build.0 = Debug|Any CPU
		{189AF846-CD20-46BD-A4C9-7DCB3D0FB2DE}.Release|Any CPU.ActiveCfg = Debug|Any CPU
		{189AF846-CD20-46BD-A4C9-7DCB3D0FB2DE}.Release|Any CPU.Build.0 = Debug|Any CPU
	EndGlobalSection
	GlobalSection(SolutionProperties) = preSolution
		HideSolutionNode = FALSE
	EndGlobalSection
	GlobalSection(ExtensibilityGlobals) = postSolution
		SolutionGuid = {5B9AA1B9-3D53-475F-9CA0-29CEF6407D36}
	EndGlobalSection
EndGlobal
